
Microsoft Visual Studio Solution File, Format Version 12.00
# Visual Studio Version 16
VisualStudioVersion = 16.0.31911.196
MinimumVisualStudioVersion = 10.0.40219.1
Project("{9A19103F-16F7-4668-BE54-9A1E7A4F7556}") = "MyBlogServerSide", "MyBlogServerSide\MyBlogServerSide.csproj", "{161D70BC-2646-4850-82A3-B6E70F10197D}"
EndProject
Project("{9A19103F-16F7-4668-BE54-9A1E7A4F7556}") = "MyBlogWebAssembly.Server", "MyBlogWebAssembly\Server\MyBlogWebAssembly.Server.csproj", "{CCF048E4-977B-415E-9EDD-1EB8789037D2}"
EndProject
Project("{9A19103F-16F7-4668-BE54-9A1E7A4F7556}") = "MyBlogWebAssembly.Client", "MyBlogWebAssembly\Client\MyBlogWebAssembly.Client.csproj", "{48A7D2C8-2A09-4964-AD03-19BC0A232471}"
EndProject
Project("{9A19103F-16F7-4668-BE54-9A1E7A4F7556}") = "MyBlogWebAssembly.Shared", "MyBlogWebAssembly\Shared\MyBlogWebAssembly.Shared.csproj", "{B070F009-A4F2-4B9F-A855-33B834D80D2A}"
EndProject
Project("{9A19103F-16F7-4668-BE54-9A1E7A4F7556}") = "MyBlog.Data", "MyBlog.Data\MyBlog.Data.csproj", "{4EAB366C-E51B-4084-808D-803E0846F10B}"
EndProject
Global
	GlobalSection(SolutionConfigurationPlatforms) = preSolution
		Debug|Any CPU = Debug|Any CPU
		Release|Any CPU = Release|Any CPU
	EndGlobalSection
	GlobalSection(ProjectConfigurationPlatforms) = postSolution
		{161D70BC-2646-4850-82A3-B6E70F10197D}.Debug|Any CPU.ActiveCfg = Debug|Any CPU
		{161D70BC-2646-4850-82A3-B6E70F10197D}.Debug|Any CPU.Build.0 = Debug|Any CPU
		{161D70BC-2646-4850-82A3-B6E70F10197D}.Release|Any CPU.ActiveCfg = Release|Any CPU
		{161D70BC-2646-4850-82A3-B6E70F10197D}.Release|Any CPU.Build.0 = Release|Any CPU
		{CCF048E4-977B-415E-9EDD-1EB8789037D2}.Debug|Any CPU.ActiveCfg = Debug|Any CPU
		{CCF048E4-977B-415E-9EDD-1EB8789037D2}.Debug|Any CPU.Build.0 = Debug|Any CPU
		{CCF048E4-977B-415E-9EDD-1EB8789037D2}.Release|Any CPU.ActiveCfg = Release|Any CPU
		{CCF048E4-977B-415E-9EDD-1EB8789037D2}.Release|Any CPU.Build.0 = Release|Any CPU
		{48A7D2C8-2A09-4964-AD03-19BC0A232471}.Debug|Any CPU.ActiveCfg = Debug|Any CPU
		{48A7D2C8-2A09-4964-AD03-19BC0A232471}.Debug|Any CPU.Build.0 = Debug|Any CPU
		{48A7D2C8-2A09-4964-AD03-19BC0A232471}.Release|Any CPU.ActiveCfg = Release|Any CPU
		{48A7D2C8-2A09-4964-AD03-19BC0A232471}.Release|Any CPU.Build.0 = Release|Any CPU
		{B070F009-A4F2-4B9F-A855-33B834D80D2A}.Debug|Any CPU.ActiveCfg = Debug|Any CPU
		{B070F009-A4F2-4B9F-A855-33B834D80D2A}.Debug|Any CPU.Build.0 = Debug|Any CPU
		{B070F009-A4F2-4B9F-A855-33B834D80D2A}.Release|Any CPU.ActiveCfg = Release|Any CPU
		{B070F009-A4F2-4B9F-A855-33B834D80D2A}.Release|Any CPU.Build.0 = Release|Any CPU
		{4EAB366C-E51B-4084-808D-803E0846F10B}.Debug|Any CPU.ActiveCfg = Debug|Any CPU
		{4EAB366C-E51B-4084-808D-803E0846F10B}.Debug|Any CPU.Build.0 = Debug|Any CPU
		{4EAB366C-E51B-4084-808D-803E0846F10B}.Release|Any CPU.ActiveCfg = Release|Any CPU
		{4EAB366C-E51B-4084-808D-803E0846F10B}.Release|Any CPU.Build.0 = Release|Any CPU
	EndGlobalSection
	GlobalSection(SolutionProperties) = preSolution
		HideSolutionNode = FALSE
	EndGlobalSection
	GlobalSection(ExtensibilityGlobals) = postSolution
		SolutionGuid = {B713BE44-BD82-4527-9145-6A1E150A3544}
	EndGlobalSection
EndGlobal
